# This file was autogenerated by Stack.
# You should not edit this file by hand.
# For more information, please see the documentation at:
#   https://docs.haskellstack.org/en/stable/lock_files

packages:
- completed:
    hackage: tasty-wai-0.1.1.0@sha256:44377c82bf1523c972fa361ea3d708fc423978dafc1d3bf2c6d9a2571ec69a08,1841
    pantry-tree:
      size: 369
      sha256: 9798d1c064807db00608b66f7eef43db445b6870c64243310c6e27a284df9575
  original:
    hackage: tasty-wai-0.1.1.0
snapshots:
- completed:
    size: 499889
    url: https://raw.githubusercontent.com/commercialhaskell/stackage-snapshots/master/lts/13/26.yaml
    sha256: ecb02ee16829df8d7219e7d7fe6c310819820bf335b0b9534bce84d3ea896684
  original: lts-13.26
